
Microsoft Visual Studio Solution File, Format Version 12.00
# Visual Studio Version 17
VisualStudioVersion = 17.14.36202.13 d17.14
MinimumVisualStudioVersion = 10.0.40219.1
Project("{FAE04EC0-301F-11D3-BF4B-00C04F79EFBC}") = "TDD.Tests", "TDD_Tests\TDD.Tests.csproj", "{639FCB16-3C59-44DD-BB99-2303982E8058}"
EndProject
Project("{FAE04EC0-301F-11D3-BF4B-00C04F79EFBC}") = "TDD.Domain", "TDD_Domain\TDD.Domain.csproj", "{DCA60C8B-A091-422F-8A6D-7F813C88A74F}"
EndProject
Project("{FAE04EC0-301F-11D3-BF4B-00C04F79EFBC}") = "TDD.Data", "TDD_Data\TDD.Data.csproj", "{D71DD306-0271-4ABE-89CE-35730DA9E477}"
EndProject
Project("{FAE04EC0-301F-11D3-BF4B-00C04F79EFBC}") = "TDD.Api", "TDD_Api\TDD.Api.csproj", "{3BA801AA-7A81-41E9-B8F5-6A284CC282F0}"
EndProject
Project("{FAE04EC0-301F-11D3-BF4B-00C04F79EFBC}") = "TDD.Application", "TDD_Application\TDD.Application.csproj", "{43A4B7EF-48EF-4BD8-AA8E-CCAC64F14472}"
EndProject
Project("{00D1A9C2-B5F0-4AF3-8072-F6C62B433612}") = "TDD.SqlServerDatabase", "TDD_SqlServerDatabase\TDD.SqlServerDatabase.sqlproj", "{BA39EC93-CCF4-4660-B397-EAB34230ADF5}"
EndProject
Global
	GlobalSection(SolutionConfigurationPlatforms) = preSolution
		Debug|Any CPU = Debug|Any CPU
		Release|Any CPU = Release|Any CPU
	EndGlobalSection
	GlobalSection(ProjectConfigurationPlatforms) = postSolution
		{639FCB16-3C59-44DD-BB99-2303982E8058}.Debug|Any CPU.ActiveCfg = Debug|Any CPU
		{639FCB16-3C59-44DD-BB99-2303982E8058}.Debug|Any CPU.Build.0 = Debug|Any CPU
		{639FCB16-3C59-44DD-BB99-2303982E8058}.Release|Any CPU.ActiveCfg = Release|Any CPU
		{639FCB16-3C59-44DD-BB99-2303982E8058}.Release|Any CPU.Build.0 = Release|Any CPU
		{DCA60C8B-A091-422F-8A6D-7F813C88A74F}.Debug|Any CPU.ActiveCfg = Debug|Any CPU
		{DCA60C8B-A091-422F-8A6D-7F813C88A74F}.Debug|Any CPU.Build.0 = Debug|Any CPU
		{DCA60C8B-A091-422F-8A6D-7F813C88A74F}.Release|Any CPU.ActiveCfg = Release|Any CPU
		{DCA60C8B-A091-422F-8A6D-7F813C88A74F}.Release|Any CPU.Build.0 = Release|Any CPU
		{D71DD306-0271-4ABE-89CE-35730DA9E477}.Debug|Any CPU.ActiveCfg = Debug|Any CPU
		{D71DD306-0271-4ABE-89CE-35730DA9E477}.Debug|Any CPU.Build.0 = Debug|Any CPU
		{D71DD306-0271-4ABE-89CE-35730DA9E477}.Release|Any CPU.ActiveCfg = Release|Any CPU
		{D71DD306-0271-4ABE-89CE-35730DA9E477}.Release|Any CPU.Build.0 = Release|Any CPU
		{3BA801AA-7A81-41E9-B8F5-6A284CC282F0}.Debug|Any CPU.ActiveCfg = Debug|Any CPU
		{3BA801AA-7A81-41E9-B8F5-6A284CC282F0}.Debug|Any CPU.Build.0 = Debug|Any CPU
		{3BA801AA-7A81-41E9-B8F5-6A284CC282F0}.Release|Any CPU.ActiveCfg = Release|Any CPU
		{3BA801AA-7A81-41E9-B8F5-6A284CC282F0}.Release|Any CPU.Build.0 = Release|Any CPU
		{43A4B7EF-48EF-4BD8-AA8E-CCAC64F14472}.Debug|Any CPU.ActiveCfg = Debug|Any CPU
		{43A4B7EF-48EF-4BD8-AA8E-CCAC64F14472}.Debug|Any CPU.Build.0 = Debug|Any CPU
		{43A4B7EF-48EF-4BD8-AA8E-CCAC64F14472}.Release|Any CPU.ActiveCfg = Release|Any CPU
		{43A4B7EF-48EF-4BD8-AA8E-CCAC64F14472}.Release|Any CPU.Build.0 = Release|Any CPU
		{BA39EC93-CCF4-4660-B397-EAB34230ADF5}.Debug|Any CPU.ActiveCfg = Debug|Any CPU
		{BA39EC93-CCF4-4660-B397-EAB34230ADF5}.Debug|Any CPU.Build.0 = Debug|Any CPU
		{BA39EC93-CCF4-4660-B397-EAB34230ADF5}.Debug|Any CPU.Deploy.0 = Debug|Any CPU
		{BA39EC93-CCF4-4660-B397-EAB34230ADF5}.Release|Any CPU.ActiveCfg = Release|Any CPU
		{BA39EC93-CCF4-4660-B397-EAB34230ADF5}.Release|Any CPU.Build.0 = Release|Any CPU
		{BA39EC93-CCF4-4660-B397-EAB34230ADF5}.Release|Any CPU.Deploy.0 = Release|Any CPU
	EndGlobalSection
	GlobalSection(SolutionProperties) = preSolution
		HideSolutionNode = FALSE
	EndGlobalSection
	GlobalSection(ExtensibilityGlobals) = postSolution
		SolutionGuid = {77FFD562-2363-456C-AB15-C13FFA533E2E}
	EndGlobalSection
EndGlobal
